
Microsoft Visual Studio Solution File, Format Version 12.00
# Visual Studio 15
VisualStudioVersion = 15.0.27729.1
MinimumVisualStudioVersion = 10.0.40219.1
Project("{9A19103F-16F7-4668-BE54-9A1E7A4F7556}") = "ExpireBlobFunction", "ExpireBlobFunction\ExpireBlobFunction.csproj", "{246722CC-E398-4594-93B4-E0CA5366A246}"
EndProject
Global
	GlobalSection(SolutionConfigurationPlatforms) = preSolution
		Debug|Any CPU = Debug|Any CPU
		Release|Any CPU = Release|Any CPU
	EndGlobalSection
	GlobalSection(ProjectConfigurationPlatforms) = postSolution
		{246722CC-E398-4594-93B4-E0CA5366A246}.Debug|Any CPU.ActiveCfg = Debug|Any CPU
		{246722CC-E398-4594-93B4-E0CA5366A246}.Debug|Any CPU.Build.0 = Debug|Any CPU
		{246722CC-E398-4594-93B4-E0CA5366A246}.Release|Any CPU.ActiveCfg = Release|Any CPU
		{246722CC-E398-4594-93B4-E0CA5366A246}.Release|Any CPU.Build.0 = Release|Any CPU
	EndGlobalSection
	GlobalSection(SolutionProperties) = preSolution
		HideSolutionNode = FALSE
	EndGlobalSection
	GlobalSection(ExtensibilityGlobals) = postSolution
		SolutionGuid = {72061C4A-E261-4FA9-B7F4-D51C71B041E5}
	EndGlobalSection
EndGlobal
